
Microsoft Visual Studio Solution File, Format Version 10.00
# Visual Studio 2008
Project("{8BC9CEB8-8B4A-11D0-8D11-00A0C91BC942}") = "pca_hmm", "pca_hmm.vcproj", "{C31921F4-DDA2-4FD0-9B76-DA61A93228AB}"
EndProject
Global
	GlobalSection(SolutionConfigurationPlatforms) = preSolution
		Debug|Win32 = Debug|Win32
		Release|Win32 = Release|Win32
	EndGlobalSection
	GlobalSection(ProjectConfigurationPlatforms) = postSolution
		{C31921F4-DDA2-4FD0-9B76-DA61A93228AB}.Debug|Win32.ActiveCfg = Debug|Win32
		{C31921F4-DDA2-4FD0-9B76-DA61A93228AB}.Debug|Win32.Build.0 = Debug|Win32
		{C31921F4-DDA2-4FD0-9B76-DA61A93228AB}.Release|Win32.ActiveCfg = Release|Win32
		{C31921F4-DDA2-4FD0-9B76-DA61A93228AB}.Release|Win32.Build.0 = Release|Win32
	EndGlobalSection
	GlobalSection(SolutionProperties) = preSolution
		HideSolutionNode = FALSE
	EndGlobalSection
EndGlobal
